<?xml version="1.0" encoding="utf-8"?>
<Project ToolsVersion="14.0" xmlns="http://schemas.microsoft.com/developer/msbuild/2003">
  <ItemGroup>
    <ClCompile Include="Anime4KCPP\core\src\AC.cpp">
      <Filter>Source Files</Filter>
    </ClCompile>
    <ClCompile Include="Anime4KCPP\core\src\ACCreator.cpp">
      <Filter>Source Files</Filter>
    </ClCompile>
    <ClCompile Include="Anime4KCPP\core\src\ACCuda.cpp">
      <Filter>Source Files</Filter>
    </ClCompile>
    <ClCompile Include="Anime4KCPP\core\src\ACNCNN.cpp">
      <Filter>Source Files</Filter>
    </ClCompile>
    <ClCompile Include="Anime4KCPP\core\src\ACOpenCL.cpp">
      <Filter>Source Files</Filter>
    </ClCompile>
    <ClCompile Include="Anime4KCPP\core\src\CPUACNet.cpp">
      <Filter>Source Files</Filter>
    </ClCompile>
    <ClCompile Include="Anime4KCPP\core\src\CPUACNetProcessor.cpp">
      <Filter>Source Files</Filter>
    </ClCompile>
    <ClCompile Include="Anime4KCPP\core\src\CPUAnime4K09.cpp">
      <Filter>Source Files</Filter>
    </ClCompile>
    <ClCompile Include="Anime4KCPP\core\src\CPUCNNProcessor.cpp">
      <Filter>Source Files</Filter>
    </ClCompile>
    <ClCompile Include="Anime4KCPP\core\src\CoreInfo.cpp">
      <Filter>Source Files</Filter>
    </ClCompile>
    <ClCompile Include="Anime4KCPP\core\src\CudaACNet.cpp">
      <Filter>Source Files</Filter>
    </ClCompile>
    <ClCompile Include="Anime4KCPP\core\src\CudaAnime4K09.cpp">
      <Filter>Source Files</Filter>
    </ClCompile>
    <ClCompile Include="Anime4KCPP\core\src\FilterProcessor.cpp">
      <Filter>Source Files</Filter>
    </ClCompile>
    <ClCompile Include="Anime4KCPP\core\src\NCNNACNet.cpp">
      <Filter>Source Files</Filter>
    </ClCompile>
    <ClCompile Include="Anime4KCPP\core\src\OpenCLACNet.cpp">
      <Filter>Source Files</Filter>
    </ClCompile>
    <ClCompile Include="Anime4KCPP\core\src\OpenCLAnime4K09.cpp">
      <Filter>Source Files</Filter>
    </ClCompile>
    <ClCompile Include="Anime4KCPP\core\src\VideoIO.cpp">
      <Filter>Source Files</Filter>
    </ClCompile>
    <ClCompile Include="Anime4KCPP\core\src\VideoIOAsync.cpp">
      <Filter>Source Files</Filter>
    </ClCompile>
    <ClCompile Include="Anime4KCPP\core\src\VideoIOSerial.cpp">
      <Filter>Source Files</Filter>
    </ClCompile>
    <ClCompile Include="Anime4KCPP\core\src\VideoIOThreads.cpp">
      <Filter>Source Files</Filter>
    </ClCompile>
    <ClCompile Include="Anime4KCPP\core\src\VideoProcessor.cpp">
      <Filter>Source Files</Filter>
    </ClCompile>
  </ItemGroup>
  <ItemGroup>
    <ClInclude Include="Anime4KCPP\core\include\AC.hpp">
      <Filter>Header Files</Filter>
    </ClInclude>
    <ClInclude Include="Anime4KCPP\core\include\ACCPU.hpp">
      <Filter>Header Files</Filter>
    </ClInclude>
    <ClInclude Include="Anime4KCPP\core\include\ACCreator.hpp">
      <Filter>Header Files</Filter>
    </ClInclude>
    <ClInclude Include="Anime4KCPP\core\include\ACCuda.hpp">
      <Filter>Header Files</Filter>
    </ClInclude>
    <ClInclude Include="Anime4KCPP\core\include\ACException.hpp">
      <Filter>Header Files</Filter>
    </ClInclude>
    <ClInclude Include="Anime4KCPP\core\include\ACInitializer.hpp">
      <Filter>Header Files</Filter>
    </ClInclude>
    <ClInclude Include="Anime4KCPP\core\include\ACManager.hpp">
      <Filter>Header Files</Filter>
    </ClInclude>
    <ClInclude Include="Anime4KCPP\core\include\ACNCNN.hpp">
      <Filter>Header Files</Filter>
    </ClInclude>
    <ClInclude Include="Anime4KCPP\core\include\ACNetType.hpp">
      <Filter>Header Files</Filter>
    </ClInclude>
    <ClInclude Include="Anime4KCPP\core\include\ACOpenCL.hpp">
      <Filter>Header Files</Filter>
    </ClInclude>
    <ClInclude Include="Anime4KCPP\core\include\ACProcessor.hpp">
      <Filter>Header Files</Filter>
    </ClInclude>
    <ClInclude Include="Anime4KCPP\core\include\ACRegister.hpp">
      <Filter>Header Files</Filter>
    </ClInclude>
    <ClInclude Include="Anime4KCPP\core\include\Anime4KCPP.hpp">
      <Filter>Header Files</Filter>
    </ClInclude>
    <ClInclude Include="Anime4KCPP\core\include\CNN.hpp">
      <Filter>Header Files</Filter>
    </ClInclude>
    <ClInclude Include="Anime4KCPP\core\include\CPUACNet.hpp">
      <Filter>Header Files</Filter>
    </ClInclude>
    <ClInclude Include="Anime4KCPP\core\include\CPUACNetProcessor.hpp">
      <Filter>Header Files</Filter>
    </ClInclude>
    <ClInclude Include="Anime4KCPP\core\include\CPUAnime4K09.hpp">
      <Filter>Header Files</Filter>
    </ClInclude>
    <ClInclude Include="Anime4KCPP\core\include\CPUCNNProcessor.hpp">
      <Filter>Header Files</Filter>
    </ClInclude>
    <ClInclude Include="Anime4KCPP\core\include\CoreInfo.hpp">
      <Filter>Header Files</Filter>
    </ClInclude>
    <ClInclude Include="Anime4KCPP\core\include\CudaACNet.hpp">
      <Filter>Header Files</Filter>
    </ClInclude>
    <ClInclude Include="Anime4KCPP\core\include\CudaAnime4K09.hpp">
      <Filter>Header Files</Filter>
    </ClInclude>
    <ClInclude Include="Anime4KCPP\core\include\CudaInterface.hpp">
      <Filter>Header Files</Filter>
    </ClInclude>
    <ClInclude Include="Anime4KCPP\core\include\FilterProcessor.hpp">
      <Filter>Header Files</Filter>
    </ClInclude>
    <ClInclude Include="Anime4KCPP\core\include\NCNNACNet.hpp">
      <Filter>Header Files</Filter>
    </ClInclude>
    <ClInclude Include="Anime4KCPP\core\include\NCNNACNetID.hpp">
      <Filter>Header Files</Filter>
    </ClInclude>
    <ClInclude Include="Anime4KCPP\core\include\NCNNACNetModel.hpp">
      <Filter>Header Files</Filter>
    </ClInclude>
    <ClInclude Include="Anime4KCPP\core\include\OpenCLACNet.hpp">
      <Filter>Header Files</Filter>
    </ClInclude>
    <ClInclude Include="Anime4KCPP\core\include\OpenCLACNetKernel.hpp">
      <Filter>Header Files</Filter>
    </ClInclude>
    <ClInclude Include="Anime4KCPP\core\include\OpenCLAnime4K09.hpp">
      <Filter>Header Files</Filter>
    </ClInclude>
    <ClInclude Include="Anime4KCPP\core\include\OpenCLAnime4K09Kernel.hpp">
      <Filter>Header Files</Filter>
    </ClInclude>
    <ClInclude Include="Anime4KCPP\core\include\Parallel.hpp">
      <Filter>Header Files</Filter>
    </ClInclude>
    <ClInclude Include="Anime4KCPP\core\include\ThreadPool.hpp">
      <Filter>Header Files</Filter>
    </ClInclude>
    <ClInclude Include="Anime4KCPP\core\include\VideoCodec.hpp">
      <Filter>Header Files</Filter>
    </ClInclude>
    <ClInclude Include="Anime4KCPP\core\include\VideoIO.hpp">
      <Filter>Header Files</Filter>
    </ClInclude>
    <ClInclude Include="Anime4KCPP\core\include\VideoIOAsync.hpp">
      <Filter>Header Files</Filter>
    </ClInclude>
    <ClInclude Include="Anime4KCPP\core\include\VideoIOSerial.hpp">
      <Filter>Header Files</Filter>
    </ClInclude>
    <ClInclude Include="Anime4KCPP\core\include\VideoIOThreads.hpp">
      <Filter>Header Files</Filter>
    </ClInclude>
    <ClInclude Include="Anime4KCPP\core\include\VideoProcessor.hpp">
      <Filter>Header Files</Filter>
    </ClInclude>
  </ItemGroup>
  <ItemGroup>
    <Filter Include="Header Files">
      <UniqueIdentifier>{047624CC-513D-36E8-B51C-5F37C672EBF6}</UniqueIdentifier>
    </Filter>
    <Filter Include="Source Files">
      <UniqueIdentifier>{788BFBE6-65CD-3D66-A4BD-D9B8297F3AEF}</UniqueIdentifier>
    </Filter>
  </ItemGroup>
</Project>