
Microsoft Visual Studio Solution File, Format Version 12.00
# Visual Studio 15
VisualStudioVersion = 15.0.28307.1622
MinimumVisualStudioVersion = 10.0.40219.1
Project("{8BC9CEB8-8B4A-11D0-8D11-00A0C91BC942}") = "Player", "Player\Player.vcxproj", "{C90196CD-7354-4ED4-BFC0-E51A7E1CBE3C}"
	ProjectSection(ProjectDependencies) = postProject
		{3013C140-DDFC-4BF4-9091-0C4131A0D2A6} = {3013C140-DDFC-4BF4-9091-0C4131A0D2A6}
		{3DE6C2D2-FDFC-4745-8282-981DF7561405} = {3DE6C2D2-FDFC-4745-8282-981DF7561405}
	EndProjectSection
EndProject
Project("{8BC9CEB8-8B4A-11D0-8D11-00A0C91BC942}") = "video", "video\video.vcxproj", "{3013C140-DDFC-4BF4-9091-0C4131A0D2A6}"
EndProject
Project("{2150E333-8FDC-42A3-9474-1A3956D46DE8}") = "Solution Items", "Solution Items", "{C9B5174D-7410-40E3-8962-76AD82A10E70}"
EndProject
Project("{8BC9CEB8-8B4A-11D0-8D11-00A0C91BC942}") = "networking", "networking\networking.vcxproj", "{3DE6C2D2-FDFC-4745-8282-981DF7561405}"
EndProject
Project("{8BC9CEB8-8B4A-11D0-8D11-00A0C91BC942}") = "HttpDownload", "HttpDownload\HttpDownload.vcxproj", "{A4113679-4736-494B-B8D2-3C35B34E5491}"
EndProject
Project("{54435603-DBB4-11D2-8724-00A0C9A8B90C}") = "Setup", "Setup\Setup.vdproj", "{72C57644-86FB-4587-9EE5-092F360D146C}"
EndProject
Project("{FAE04EC0-301F-11D3-BF4B-00C04F79EFBC}") = "Dlls", "Dlls\Dlls.csproj", "{BC1BC9F1-893D-4715-818A-F37F74EB5710}"
EndProject
Project("{8BC9CEB8-8B4A-11D0-8D11-00A0C91BC942}") = "audio", "audio\audio.vcxproj", "{8B955995-B5EC-41F0-940A-48A6F17BCBB8}"
EndProject
Project("{8BC9CEB8-8B4A-11D0-8D11-00A0C91BC942}") = "Anime4KCPPCore", "Anime4KCPPCore.vcxproj", "{632353E4-4856-38F9-9E74-ED41BD99D7E5}"
EndProject
Global
	GlobalSection(SolutionConfigurationPlatforms) = preSolution
		Debug|Win32 = Debug|Win32
		Debug|x64 = Debug|x64
		Release|Win32 = Release|Win32
		Release|x64 = Release|x64
	EndGlobalSection
	GlobalSection(ProjectConfigurationPlatforms) = postSolution
		{C90196CD-7354-4ED4-BFC0-E51A7E1CBE3C}.Debug|Win32.ActiveCfg = Debug|Win32
		{C90196CD-7354-4ED4-BFC0-E51A7E1CBE3C}.Debug|Win32.Build.0 = Debug|Win32
		{C90196CD-7354-4ED4-BFC0-E51A7E1CBE3C}.Debug|x64.ActiveCfg = Debug|x64
		{C90196CD-7354-4ED4-BFC0-E51A7E1CBE3C}.Debug|x64.Build.0 = Debug|x64
		{C90196CD-7354-4ED4-BFC0-E51A7E1CBE3C}.Release|Win32.ActiveCfg = Release|Win32
		{C90196CD-7354-4ED4-BFC0-E51A7E1CBE3C}.Release|Win32.Build.0 = Release|Win32
		{C90196CD-7354-4ED4-BFC0-E51A7E1CBE3C}.Release|x64.ActiveCfg = Release|x64
		{C90196CD-7354-4ED4-BFC0-E51A7E1CBE3C}.Release|x64.Build.0 = Release|x64
		{3013C140-DDFC-4BF4-9091-0C4131A0D2A6}.Debug|Win32.ActiveCfg = Debug|Win32
		{3013C140-DDFC-4BF4-9091-0C4131A0D2A6}.Debug|Win32.Build.0 = Debug|Win32
		{3013C140-DDFC-4BF4-9091-0C4131A0D2A6}.Debug|x64.ActiveCfg = Debug|x64
		{3013C140-DDFC-4BF4-9091-0C4131A0D2A6}.Debug|x64.Build.0 = Debug|x64
		{3013C140-DDFC-4BF4-9091-0C4131A0D2A6}.Release|Win32.ActiveCfg = Release|Win32
		{3013C140-DDFC-4BF4-9091-0C4131A0D2A6}.Release|Win32.Build.0 = Release|Win32
		{3013C140-DDFC-4BF4-9091-0C4131A0D2A6}.Release|x64.ActiveCfg = Release|x64
		{3013C140-DDFC-4BF4-9091-0C4131A0D2A6}.Release|x64.Build.0 = Release|x64
		{3DE6C2D2-FDFC-4745-8282-981DF7561405}.Debug|Win32.ActiveCfg = Debug|Win32
		{3DE6C2D2-FDFC-4745-8282-981DF7561405}.Debug|Win32.Build.0 = Debug|Win32
		{3DE6C2D2-FDFC-4745-8282-981DF7561405}.Debug|x64.ActiveCfg = Debug|x64
		{3DE6C2D2-FDFC-4745-8282-981DF7561405}.Debug|x64.Build.0 = Debug|x64
		{3DE6C2D2-FDFC-4745-8282-981DF7561405}.Release|Win32.ActiveCfg = Release|Win32
		{3DE6C2D2-FDFC-4745-8282-981DF7561405}.Release|Win32.Build.0 = Release|Win32
		{3DE6C2D2-FDFC-4745-8282-981DF7561405}.Release|x64.ActiveCfg = Release|x64
		{3DE6C2D2-FDFC-4745-8282-981DF7561405}.Release|x64.Build.0 = Release|x64
		{A4113679-4736-494B-B8D2-3C35B34E5491}.Debug|Win32.ActiveCfg = Debug|Win32
		{A4113679-4736-494B-B8D2-3C35B34E5491}.Debug|Win32.Build.0 = Debug|Win32
		{A4113679-4736-494B-B8D2-3C35B34E5491}.Debug|x64.ActiveCfg = Debug|x64
		{A4113679-4736-494B-B8D2-3C35B34E5491}.Debug|x64.Build.0 = Debug|x64
		{A4113679-4736-494B-B8D2-3C35B34E5491}.Release|Win32.ActiveCfg = Release|Win32
		{A4113679-4736-494B-B8D2-3C35B34E5491}.Release|Win32.Build.0 = Release|Win32
		{A4113679-4736-494B-B8D2-3C35B34E5491}.Release|x64.ActiveCfg = Release|x64
		{A4113679-4736-494B-B8D2-3C35B34E5491}.Release|x64.Build.0 = Release|x64
		{72C57644-86FB-4587-9EE5-092F360D146C}.Debug|Win32.ActiveCfg = Debug
		{72C57644-86FB-4587-9EE5-092F360D146C}.Debug|x64.ActiveCfg = Debug
		{72C57644-86FB-4587-9EE5-092F360D146C}.Release|Win32.ActiveCfg = Release
		{72C57644-86FB-4587-9EE5-092F360D146C}.Release|x64.ActiveCfg = Release
		{BC1BC9F1-893D-4715-818A-F37F74EB5710}.Debug|Win32.ActiveCfg = Debug|Any CPU
		{BC1BC9F1-893D-4715-818A-F37F74EB5710}.Debug|Win32.Build.0 = Debug|Any CPU
		{BC1BC9F1-893D-4715-818A-F37F74EB5710}.Debug|x64.ActiveCfg = Debug|Any CPU
		{BC1BC9F1-893D-4715-818A-F37F74EB5710}.Debug|x64.Build.0 = Debug|Any CPU
		{BC1BC9F1-893D-4715-818A-F37F74EB5710}.Release|Win32.ActiveCfg = Release|Any CPU
		{BC1BC9F1-893D-4715-818A-F37F74EB5710}.Release|Win32.Build.0 = Release|Any CPU
		{BC1BC9F1-893D-4715-818A-F37F74EB5710}.Release|x64.ActiveCfg = Release|Any CPU
		{BC1BC9F1-893D-4715-818A-F37F74EB5710}.Release|x64.Build.0 = Release|Any CPU
		{8B955995-B5EC-41F0-940A-48A6F17BCBB8}.Debug|Win32.ActiveCfg = Debug|Win32
		{8B955995-B5EC-41F0-940A-48A6F17BCBB8}.Debug|Win32.Build.0 = Debug|Win32
		{8B955995-B5EC-41F0-940A-48A6F17BCBB8}.Debug|x64.ActiveCfg = Debug|x64
		{8B955995-B5EC-41F0-940A-48A6F17BCBB8}.Debug|x64.Build.0 = Debug|x64
		{8B955995-B5EC-41F0-940A-48A6F17BCBB8}.Release|Win32.ActiveCfg = Release|Win32
		{8B955995-B5EC-41F0-940A-48A6F17BCBB8}.Release|Win32.Build.0 = Release|Win32
		{8B955995-B5EC-41F0-940A-48A6F17BCBB8}.Release|x64.ActiveCfg = Release|x64
		{8B955995-B5EC-41F0-940A-48A6F17BCBB8}.Release|x64.Build.0 = Release|x64
		{632353E4-4856-38F9-9E74-ED41BD99D7E5}.Debug|Win32.ActiveCfg = Debug|Win32
		{632353E4-4856-38F9-9E74-ED41BD99D7E5}.Debug|Win32.Build.0 = Debug|Win32
		{632353E4-4856-38F9-9E74-ED41BD99D7E5}.Debug|x64.ActiveCfg = Debug|x64
		{632353E4-4856-38F9-9E74-ED41BD99D7E5}.Debug|x64.Build.0 = Debug|x64
		{632353E4-4856-38F9-9E74-ED41BD99D7E5}.Release|Win32.ActiveCfg = Release|Win32
		{632353E4-4856-38F9-9E74-ED41BD99D7E5}.Release|Win32.Build.0 = Release|Win32
		{632353E4-4856-38F9-9E74-ED41BD99D7E5}.Release|x64.ActiveCfg = Release|x64
		{632353E4-4856-38F9-9E74-ED41BD99D7E5}.Release|x64.Build.0 = Release|x64
	EndGlobalSection
	GlobalSection(SolutionProperties) = preSolution
		HideSolutionNode = FALSE
	EndGlobalSection
	GlobalSection(ExtensibilityGlobals) = postSolution
		SolutionGuid = {75699A84-B7AB-4C3D-86E3-5E2370B5D57B}
	EndGlobalSection
EndGlobal
