<?xml version="1.0" encoding="utf-8"?>
<Project ToolsVersion="4.0" xmlns="http://schemas.microsoft.com/developer/msbuild/2003">
  <ItemGroup>
    <Filter Include="Source Files">
      <UniqueIdentifier>{4FC737F1-C7A5-4376-A066-2A32D752A2FF}</UniqueIdentifier>
      <Extensions>cpp;c;cc;cxx;def;odl;idl;hpj;bat;asm;asmx</Extensions>
    </Filter>
    <Filter Include="Header Files">
      <UniqueIdentifier>{93995380-89BD-4b04-88EB-625FBE52EBFB}</UniqueIdentifier>
      <Extensions>h;hh;hpp;hxx;hm;inl;inc;xsd</Extensions>
    </Filter>
    <Filter Include="Resource Files">
      <UniqueIdentifier>{67DA6AB6-F800-4c08-8B7A-83BB121AAD01}</UniqueIdentifier>
      <Extensions>rc;ico;cur;bmp;dlg;rc2;rct;bin;rgs;gif;jpg;jpeg;jpe;resx;tiff;tif;png;wav;mfcribbon-ms</Extensions>
    </Filter>
  </ItemGroup>
  <ItemGroup>
    <Text Include="ReadMe.txt" />
  </ItemGroup>
  <ItemGroup>
    <ClInclude Include="Player.h">
      <Filter>Header Files</Filter>
    </ClInclude>
    <ClInclude Include="stdafx.h">
      <Filter>Header Files</Filter>
    </ClInclude>
    <ClInclude Include="targetver.h">
      <Filter>Header Files</Filter>
    </ClInclude>
    <ClInclude Include="MainFrm.h">
      <Filter>Header Files</Filter>
    </ClInclude>
    <ClInclude Include="PlayerDoc.h">
      <Filter>Header Files</Filter>
    </ClInclude>
    <ClInclude Include="Resource.h">
      <Filter>Header Files</Filter>
    </ClInclude>
    <ClInclude Include="I420Effect.h">
      <Filter>Header Files</Filter>
    </ClInclude>
    <ClInclude Include="DialogBarPlayerControl.h">
      <Filter>Header Files</Filter>
    </ClInclude>
    <ClInclude Include="AudioPlayerImpl.h">
      <Filter>Header Files</Filter>
    </ClInclude>
    <ClInclude Include="AudioPlayerWasapi.h">
      <Filter>Header Files</Filter>
    </ClInclude>
    <ClInclude Include="MakeDelegate.h">
      <Filter>Header Files</Filter>
    </ClInclude>
    <ClInclude Include="IEraseableArea.h">
      <Filter>Header Files</Filter>
    </ClInclude>
    <ClInclude Include="D3DFONT.H">
      <Filter>Header Files</Filter>
    </ClInclude>
    <ClInclude Include="DialogOpenURL.h">
      <Filter>Header Files</Filter>
    </ClInclude>
    <ClInclude Include="PlayerViewD2D.h">
      <Filter>Header Files</Filter>
    </ClInclude>
    <ClInclude Include="PlayerView.h">
      <Filter>Header Files</Filter>
    </ClInclude>
    <ClInclude Include="YouTuber.h">
      <Filter>Header Files</Filter>
    </ClInclude>
    <ClInclude Include="MemoryMappedFile.h">
      <Filter>Header Files</Filter>
    </ClInclude>
    <ClInclude Include="DialogBarRange.h">
      <Filter>Header Files</Filter>
    </ClInclude>
    <ClInclude Include="EditTime.h">
      <Filter>Header Files</Filter>
    </ClInclude>
    <ClInclude Include="AsyncGetUrlUnderMouseCursor.h">
      <Filter>Header Files</Filter>
    </ClInclude>
  </ItemGroup>
  <ItemGroup>
    <ClCompile Include="Player.cpp">
      <Filter>Source Files</Filter>
    </ClCompile>
    <ClCompile Include="stdafx.cpp">
      <Filter>Source Files</Filter>
    </ClCompile>
    <ClCompile Include="MainFrm.cpp">
      <Filter>Source Files</Filter>
    </ClCompile>
    <ClCompile Include="PlayerDoc.cpp">
      <Filter>Source Files</Filter>
    </ClCompile>
    <ClCompile Include="I420Effect.cpp">
      <Filter>Source Files</Filter>
    </ClCompile>
    <ClCompile Include="DialogBarPlayerControl.cpp">
      <Filter>Source Files</Filter>
    </ClCompile>
    <ClCompile Include="AudioPlayerImpl.cpp">
      <Filter>Source Files</Filter>
    </ClCompile>
    <ClCompile Include="AudioPlayerWasapi.cpp">
      <Filter>Source Files</Filter>
    </ClCompile>
    <ClCompile Include="D3DFONT.CPP">
      <Filter>Source Files</Filter>
    </ClCompile>
    <ClCompile Include="DialogOpenURL.cpp">
      <Filter>Source Files</Filter>
    </ClCompile>
    <ClCompile Include="PlayerViewD2D.cpp">
      <Filter>Source Files</Filter>
    </ClCompile>
    <ClCompile Include="PlayerView.cpp">
      <Filter>Source Files</Filter>
    </ClCompile>
    <ClCompile Include="YouTuber.cpp">
      <Filter>Source Files</Filter>
    </ClCompile>
    <ClCompile Include="DialogBarRange.cpp">
      <Filter>Source Files</Filter>
    </ClCompile>
    <ClCompile Include="EditTime.cpp">
      <Filter>Source Files</Filter>
    </ClCompile>
    <ClCompile Include="AsyncGetUrlUnderMouseCursor.cpp">
      <Filter>Source Files</Filter>
    </ClCompile>
  </ItemGroup>
  <ItemGroup>
    <ResourceCompile Include="Player.rc">
      <Filter>Resource Files</Filter>
    </ResourceCompile>
  </ItemGroup>
  <ItemGroup>
    <None Include="res\Player.rc2">
      <Filter>Resource Files</Filter>
    </None>
  </ItemGroup>
  <ItemGroup>
    <Image Include="res\PlayerDoc.ico">
      <Filter>Resource Files</Filter>
    </Image>
    <Image Include="res\Player.ico">
      <Filter>Resource Files</Filter>
    </Image>
    <Image Include="res\Toolbar.bmp">
      <Filter>Resource Files</Filter>
    </Image>
    <Image Include="res\pause.ico">
      <Filter>Resource Files</Filter>
    </Image>
    <Image Include="res\play.ico">
      <Filter>Resource Files</Filter>
    </Image>
    <Image Include="res\audio.ico">
      <Filter>Resource Files</Filter>
    </Image>
    <Image Include="res\audio_off.ico">
      <Filter>Resource Files</Filter>
    </Image>
    <Image Include="res\full_screen.ico">
      <Filter>Resource Files</Filter>
    </Image>
  </ItemGroup>
  <ItemGroup>
    <FxCompile Include="I420Effect_PS.hlsl" />
  </ItemGroup>
</Project>